
Microsoft Visual Studio Solution File, Format Version 12.00
# Visual Studio Version 16
VisualStudioVersion = 16.0.31005.135
MinimumVisualStudioVersion = 10.0.40219.1
Project("{FAE04EC0-301F-11D3-BF4B-00C04F79EFBC}") = "WhatIsOutput_001", "WhatIsOutput_001.csproj", "{45B1D36A-489B-480A-9D67-D85D94E8958C}"
EndProject
Global
	GlobalSection(SolutionConfigurationPlatforms) = preSolution
		Debug|Any CPU = Debug|Any CPU
		Release|Any CPU = Release|Any CPU
	EndGlobalSection
	GlobalSection(ProjectConfigurationPlatforms) = postSolution
		{45B1D36A-489B-480A-9D67-D85D94E8958C}.Debug|Any CPU.ActiveCfg = Debug|Any CPU
		{45B1D36A-489B-480A-9D67-D85D94E8958C}.Debug|Any CPU.Build.0 = Debug|Any CPU
		{45B1D36A-489B-480A-9D67-D85D94E8958C}.Release|Any CPU.ActiveCfg = Release|Any CPU
		{45B1D36A-489B-480A-9D67-D85D94E8958C}.Release|Any CPU.Build.0 = Release|Any CPU
	EndGlobalSection
	GlobalSection(SolutionProperties) = preSolution
		HideSolutionNode = FALSE
	EndGlobalSection
	GlobalSection(ExtensibilityGlobals) = postSolution
		SolutionGuid = {7C93D27F-31FE-4987-B549-B4D42AE0DA08}
	EndGlobalSection
EndGlobal
